Microsoft Visual Studio Solution File, Format Version 11.00
# Visual Studio 2008

Project("{8F322AC8-CD7D-C781-653F-A630F5DD5CA6}") = "DungeonOfCards", "Assembly-CSharp.csproj", "{9016FD5D-B7ED-0CB6-AEE9-4789ADF047A0}"
EndProject
Global
	GlobalSection(SolutionConfigurationPlatforms) = preSolution
		Debug|Any CPU = Debug|Any CPU
		Release|Any CPU = Release|Any CPU
	EndGlobalSection
	GlobalSection(ProjectConfigurationPlatforms) = postSolution
		{9016FD5D-B7ED-0CB6-AEE9-4789ADF047A0}.Debug|Any CPU.ActiveCfg = Debug|Any CPU
		{9016FD5D-B7ED-0CB6-AEE9-4789ADF047A0}.Debug|Any CPU.Build.0 = Debug|Any CPU
		{9016FD5D-B7ED-0CB6-AEE9-4789ADF047A0}.Release|Any CPU.ActiveCfg = Release|Any CPU
		{9016FD5D-B7ED-0CB6-AEE9-4789ADF047A0}.Release|Any CPU.Build.0 = Release|Any CPU
	EndGlobalSection
	GlobalSection(SolutionProperties) = preSolution
		HideSolutionNode = FALSE
	EndGlobalSection
	GlobalSection(MonoDevelopProperties) = preSolution
		StartupItem = Assembly-CSharp.csproj
	EndGlobalSection
EndGlobal
